// !$*UTF8*$!
{
	archiveVersion = 1;
	classes = {
	};
	objectVersion = 48;
	objects = {

/* Begin PBXBuildFile section */
		021F742AC2EABABDD5CA9DAE /* libPods-MiliCssAppUITests.a in Frameworks */ = {isa = PBXBuildFile; fileRef = B25DE32694D2C9F196EDD9FF /* libPods-MiliCssAppUITests.a */; };
		5C47893C8EB981ACB0C39B0D /* libPods-MiliCssApp.a in Frameworks */ = {isa = PBXBuildFile; fileRef = 7C84B0A55F076CE8B93DF27F /* libPods-MiliCssApp.a */; };
		6219CA0220633A6400CE242C /* AppDelegate.m in Sources */ = {isa = PBXBuildFile; fileRef = 6219CA0120633A6400CE242C /* AppDelegate.m */; };
		6219CA0520633A6400CE242C /* ViewController.m in Sources */ = {isa = PBXBuildFile; fileRef = 6219CA0420633A6400CE242C /* ViewController.m */; };
		6219CA0820633A6400CE242C /* Main.storyboard in Resources */ = {isa = PBXBuildFile; fileRef = 6219CA0620633A6400CE242C /* Main.storyboard */; };
		6219CA0A20633A6400CE242C /* Assets.xcassets in Resources */ = {isa = PBXBuildFile; fileRef = 6219CA0920633A6400CE242C /* Assets.xcassets */; };
		6219CA0D20633A6400CE242C /* LaunchScreen.storyboard in Resources */ = {isa = PBXBuildFile; fileRef = 6219CA0B20633A6400CE242C /* LaunchScreen.storyboard */; };
		6219CA1020633A6400CE242C /* main.m in Sources */ = {isa = PBXBuildFile; fileRef = 6219CA0F20633A6400CE242C /* main.m */; };
		6219CA1A20633A6500CE242C /* MiliCssAppTests.m in Sources */ = {isa = PBXBuildFile; fileRef = 6219CA1920633A6500CE242C /* MiliCssAppTests.m */; };
		6219CA2520633A6500CE242C /* MiliCssAppUITests.m in Sources */ = {isa = PBXBuildFile; fileRef = 6219CA2420633A6500CE242C /* MiliCssAppUITests.m */; };
		6219CA3F2063548500CE242C /* CustomNavigation.m in Sources */ = {isa = PBXBuildFile; fileRef = 6219CA3D2063548400CE242C /* CustomNavigation.m */; };
		6219CA422063583600CE242C /* UIView+XY.m in Sources */ = {isa = PBXBuildFile; fileRef = 6219CA412063583600CE242C /* UIView+XY.m */; };
		6235B5C3206383F000DEA932 /* MiliTabbarViewController.m in Sources */ = {isa = PBXBuildFile; fileRef = 6235B5C2206383F000DEA932 /* MiliTabbarViewController.m */; };
		6235B5C62063846D00DEA932 /* PublicViewController.m in Sources */ = {isa = PBXBuildFile; fileRef = 6235B5C42063846D00DEA932 /* PublicViewController.m */; };
		6D4CC716206495F800EE0686 /* PublicTableViewController.m in Sources */ = {isa = PBXBuildFile; fileRef = 6D4CC714206495F800EE0686 /* PublicTableViewController.m */; };
		6D4CC7192064965800EE0686 /* HomeViewController.m in Sources */ = {isa = PBXBuildFile; fileRef = 6D4CC7182064965800EE0686 /* HomeViewController.m */; };
		6D4CC71C2064969000EE0686 /* ProductViewController.m in Sources */ = {isa = PBXBuildFile; fileRef = 6D4CC71B2064969000EE0686 /* ProductViewController.m */; };
		6D4CC71F206496A200EE0686 /* FindViewController.m in Sources */ = {isa = PBXBuildFile; fileRef = 6D4CC71E206496A200EE0686 /* FindViewController.m */; };
		6D4CC722206496B800EE0686 /* MycenterViewController.m in Sources */ = {isa = PBXBuildFile; fileRef = 6D4CC721206496B800EE0686 /* MycenterViewController.m */; };
		6D4CC7252064981100EE0686 /* HLSPersonalInfoTool.m in Sources */ = {isa = PBXBuildFile; fileRef = 6D4CC7242064981100EE0686 /* HLSPersonalInfoTool.m */; };
		6D4CC73920649ABE00EE0686 /* NSDictionary+Log.m in Sources */ = {isa = PBXBuildFile; fileRef = 6D4CC72A20649ABC00EE0686 /* NSDictionary+Log.m */; };
		6D4CC73B20649ABE00EE0686 /* UIView+Line.m in Sources */ = {isa = PBXBuildFile; fileRef = 6D4CC72C20649ABC00EE0686 /* UIView+Line.m */; };
		6D4CC73C20649ABE00EE0686 /* HLSLable.m in Sources */ = {isa = PBXBuildFile; fileRef = 6D4CC72F20649ABD00EE0686 /* HLSLable.m */; };
		6D4CC73D20649ABE00EE0686 /* NSArray+Log.m in Sources */ = {isa = PBXBuildFile; fileRef = 6D4CC73320649ABD00EE0686 /* NSArray+Log.m */; };
		6D4CC73E20649ABE00EE0686 /* NSDictionary+HLS.m in Sources */ = {isa = PBXBuildFile; fileRef = 6D4CC73420649ABD00EE0686 /* NSDictionary+HLS.m */; };
		6D4CC73F20649ABE00EE0686 /* UILabel+HLSDefault.m in Sources */ = {isa = PBXBuildFile; fileRef = 6D4CC73520649ABD00EE0686 /* UILabel+HLSDefault.m */; };
		6D4CC74020649ABE00EE0686 /* NSDate+XY.m in Sources */ = {isa = PBXBuildFile; fileRef = 6D4CC73620649ABD00EE0686 /* NSDate+XY.m */; };
		6D4CC74120649ABE00EE0686 /* UIView+XY.m in Sources */ = {isa = PBXBuildFile; fileRef = 6D4CC73720649ABE00EE0686 /* UIView+XY.m */; };
		720ABDA6BF6A06994557E2D3 /* libPods-MiliCssAppTests.a in Frameworks */ = {isa = PBXBuildFile; fileRef = DFE6619C0FC2F005FCFD2201 /* libPods-MiliCssAppTests.a */; };
/* End PBXBuildFile section */

/* Begin PBXContainerItemProxy section */
		6219CA1620633A6500CE242C /* PBXContainerItemProxy */ = {
			isa = PBXContainerItemProxy;
			containerPortal = 6219C9F520633A6400CE242C /* Project object */;
			proxyType = 1;
			remoteGlobalIDString = 6219C9FC20633A6400CE242C;
			remoteInfo = MiliCssApp;
		};
		6219CA2120633A6500CE242C /* PBXContainerItemProxy */ = {
			isa = PBXContainerItemProxy;
			containerPortal = 6219C9F520633A6400CE242C /* Project object */;
			proxyType = 1;
			remoteGlobalIDString = 6219C9FC20633A6400CE242C;
			remoteInfo = MiliCssApp;
		};
/* End PBXContainerItemProxy section */

/* Begin PBXFileReference section */
		1AC5717DBFF990EFF7CB2ED5 /* Pods-MiliCssApp.release.xcconfig */ = {isa = PBXFileReference; includeInIndex = 1; lastKnownFileType = text.xcconfig; name = "Pods-MiliCssApp.release.xcconfig"; path = "Pods/Target Support Files/Pods-MiliCssApp/Pods-MiliCssApp.release.xcconfig"; sourceTree = "<group>"; };
		36C59D22FF48110F371C0387 /* Pods-MiliCssAppUITests.debug.xcconfig */ = {isa = PBXFileReference; includeInIndex = 1; lastKnownFileType = text.xcconfig; name = "Pods-MiliCssAppUITests.debug.xcconfig"; path = "Pods/Target Support Files/Pods-MiliCssAppUITests/Pods-MiliCssAppUITests.debug.xcconfig"; sourceTree = "<group>"; };
		4AD0A1E176C21488A5F228EA /* Pods-MiliCssAppTests.release.xcconfig */ = {isa = PBXFileReference; includeInIndex = 1; lastKnownFileType = text.xcconfig; name = "Pods-MiliCssAppTests.release.xcconfig"; path = "Pods/Target Support Files/Pods-MiliCssAppTests/Pods-MiliCssAppTests.release.xcconfig"; sourceTree = "<group>"; };
		6219C9FD20633A6400CE242C /* MiliCssApp.app */ = {isa = PBXFileReference; explicitFileType = wrapper.application; includeInIndex = 0; path = MiliCssApp.app; sourceTree = BUILT_PRODUCTS_DIR; };
		6219CA0020633A6400CE242C /* AppDelegate.h */ = {isa = PBXFileReference; lastKnownFileType = sourcecode.c.h; path = AppDelegate.h; sourceTree = "<group>"; };
		6219CA0120633A6400CE242C /* AppDelegate.m */ = {isa = PBXFileReference; lastKnownFileType = sourcecode.c.objc; path = AppDelegate.m; sourceTree = "<group>"; };
		6219CA0320633A6400CE242C /* ViewController.h */ = {isa = PBXFileReference; lastKnownFileType = sourcecode.c.h; path = ViewController.h; sourceTree = "<group>"; };
		6219CA0420633A6400CE242C /* ViewController.m */ = {isa = PBXFileReference; lastKnownFileType = sourcecode.c.objc; path = ViewController.m; sourceTree = "<group>"; };
		6219CA0720633A6400CE242C /* Base */ = {isa = PBXFileReference; lastKnownFileType = file.storyboard; name = Base; path = Base.lproj/Main.storyboard; sourceTree = "<group>"; };
		6219CA0920633A6400CE242C /* Assets.xcassets */ = {isa = PBXFileReference; lastKnownFileType = folder.assetcatalog; path = Assets.xcassets; sourceTree = "<group>"; };
		6219CA0C20633A6400CE242C /* Base */ = {isa = PBXFileReference; lastKnownFileType = file.storyboard; name = Base; path = Base.lproj/LaunchScreen.storyboard; sourceTree = "<group>"; };
		6219CA0E20633A6400CE242C /* Info.plist */ = {isa = PBXFileReference; lastKnownFileType = text.plist.xml; path = Info.plist; sourceTree = "<group>"; };
		6219CA0F20633A6400CE242C /* main.m */ = {isa = PBXFileReference; lastKnownFileType = sourcecode.c.objc; path = main.m; sourceTree = "<group>"; };
		6219CA1520633A6400CE242C /* MiliCssAppTests.xctest */ = {isa = PBXFileReference; explicitFileType = wrapper.cfbundle; includeInIndex = 0; path = MiliCssAppTests.xctest; sourceTree = BUILT_PRODUCTS_DIR; };
		6219CA1920633A6500CE242C /* MiliCssAppTests.m */ = {isa = PBXFileReference; lastKnownFileType = sourcecode.c.objc; path = MiliCssAppTests.m; sourceTree = "<group>"; };
		6219CA1B20633A6500CE242C /* Info.plist */ = {isa = PBXFileReference; lastKnownFileType = text.plist.xml; path = Info.plist; sourceTree = "<group>"; };
		6219CA2020633A6500CE242C /* MiliCssAppUITests.xctest */ = {isa = PBXFileReference; explicitFileType = wrapper.cfbundle; includeInIndex = 0; path = MiliCssAppUITests.xctest; sourceTree = BUILT_PRODUCTS_DIR; };
		6219CA2420633A6500CE242C /* MiliCssAppUITests.m */ = {isa = PBXFileReference; lastKnownFileType = sourcecode.c.objc; path = MiliCssAppUITests.m; sourceTree = "<group>"; };
		6219CA2620633A6500CE242C /* Info.plist */ = {isa = PBXFileReference; lastKnownFileType = text.plist.xml; path = Info.plist; sourceTree = "<group>"; };
		6219CA3A2063498F00CE242C /* MiliDefine.h */ = {isa = PBXFileReference; lastKnownFileType = sourcecode.c.h; path = MiliDefine.h; sourceTree = "<group>"; };
		6219CA3B206349AD00CE242C /* MiliConfig.h */ = {isa = PBXFileReference; lastKnownFileType = sourcecode.c.h; path = MiliConfig.h; sourceTree = "<group>"; };
		6219CA3C20634AED00CE242C /* Mili.pch */ = {isa = PBXFileReference; lastKnownFileType = sourcecode.c.h; path = Mili.pch; sourceTree = "<group>"; };
		6219CA3D2063548400CE242C /* CustomNavigation.m */ = {isa = PBXFileReference; fileEncoding = 4; lastKnownFileType = sourcecode.c.objc; path = CustomNavigation.m; sourceTree = "<group>"; };
		6219CA3E2063548500CE242C /* CustomNavigation.h */ = {isa = PBXFileReference; fileEncoding = 4; lastKnownFileType = sourcecode.c.h; path = CustomNavigation.h; sourceTree = "<group>"; };
		6219CA402063583600CE242C /* UIView+XY.h */ = {isa = PBXFileReference; fileEncoding = 4; lastKnownFileType = sourcecode.c.h; path = "UIView+XY.h"; sourceTree = "<group>"; };
		6219CA412063583600CE242C /* UIView+XY.m */ = {isa = PBXFileReference; fileEncoding = 4; lastKnownFileType = sourcecode.c.objc; path = "UIView+XY.m"; sourceTree = "<group>"; };
		6235B5C1206383F000DEA932 /* MiliTabbarViewController.h */ = {isa = PBXFileReference; lastKnownFileType = sourcecode.c.h; path = MiliTabbarViewController.h; sourceTree = "<group>"; };
		6235B5C2206383F000DEA932 /* MiliTabbarViewController.m */ = {isa = PBXFileReference; lastKnownFileType = sourcecode.c.objc; path = MiliTabbarViewController.m; sourceTree = "<group>"; };
		6235B5C42063846D00DEA932 /* PublicViewController.m */ = {isa = PBXFileReference; fileEncoding = 4; lastKnownFileType = sourcecode.c.objc; path = PublicViewController.m; sourceTree = "<group>"; };
		6235B5C52063846D00DEA932 /* PublicViewController.h */ = {isa = PBXFileReference; fileEncoding = 4; lastKnownFileType = sourcecode.c.h; path = PublicViewController.h; sourceTree = "<group>"; };
		6D4CC714206495F800EE0686 /* PublicTableViewController.m */ = {isa = PBXFileReference; fileEncoding = 4; lastKnownFileType = sourcecode.c.objc; path = PublicTableViewController.m; sourceTree = "<group>"; };
		6D4CC715206495F800EE0686 /* PublicTableViewController.h */ = {isa = PBXFileReference; fileEncoding = 4; lastKnownFileType = sourcecode.c.h; path = PublicTableViewController.h; sourceTree = "<group>"; };
		6D4CC7172064965800EE0686 /* HomeViewController.h */ = {isa = PBXFileReference; lastKnownFileType = sourcecode.c.h; name = HomeViewController.h; path = ../../../../../../ZLSvn/ios/ShareKitchen/Kitchen/Home/HomePage/View/HomeViewController.h; sourceTree = "<group>"; };
		6D4CC7182064965800EE0686 /* HomeViewController.m */ = {isa = PBXFileReference; lastKnownFileType = sourcecode.c.objc; name = HomeViewController.m; path = ../../../../../../ZLSvn/ios/ShareKitchen/Kitchen/Home/HomePage/View/HomeViewController.m; sourceTree = "<group>"; };
		6D4CC71A2064969000EE0686 /* ProductViewController.h */ = {isa = PBXFileReference; lastKnownFileType = sourcecode.c.h; name = ProductViewController.h; path = ../../../../../../ZLSvn/ios/ShareKitchen/Kitchen/Home/HomePage/View/ProductViewController.h; sourceTree = "<group>"; };
		6D4CC71B2064969000EE0686 /* ProductViewController.m */ = {isa = PBXFileReference; lastKnownFileType = sourcecode.c.objc; name = ProductViewController.m; path = ../../../../../../ZLSvn/ios/ShareKitchen/Kitchen/Home/HomePage/View/ProductViewController.m; sourceTree = "<group>"; };
		6D4CC71D206496A200EE0686 /* FindViewController.h */ = {isa = PBXFileReference; lastKnownFileType = sourcecode.c.h; name = FindViewController.h; path = ../../../../../../ZLSvn/ios/ShareKitchen/Kitchen/Home/HomePage/View/FindViewController.h; sourceTree = "<group>"; };
		6D4CC71E206496A200EE0686 /* FindViewController.m */ = {isa = PBXFileReference; lastKnownFileType = sourcecode.c.objc; name = FindViewController.m; path = ../../../../../../ZLSvn/ios/ShareKitchen/Kitchen/Home/HomePage/View/FindViewController.m; sourceTree = "<group>"; };
		6D4CC720206496B800EE0686 /* MycenterViewController.h */ = {isa = PBXFileReference; lastKnownFileType = sourcecode.c.h; name = MycenterViewController.h; path = ../../../../../../ZLSvn/ios/ShareKitchen/Kitchen/Home/HomePage/View/MycenterViewController.h; sourceTree = "<group>"; };
		6D4CC721206496B800EE0686 /* MycenterViewController.m */ = {isa = PBXFileReference; lastKnownFileType = sourcecode.c.objc; name = MycenterViewController.m; path = ../../../../../../ZLSvn/ios/ShareKitchen/Kitchen/Home/HomePage/View/MycenterViewController.m; sourceTree = "<group>"; };
		6D4CC7232064981100EE0686 /* HLSPersonalInfoTool.h */ = {isa = PBXFileReference; fileEncoding = 4; lastKnownFileType = sourcecode.c.h; path = HLSPersonalInfoTool.h; sourceTree = "<group>"; };
		6D4CC7242064981100EE0686 /* HLSPersonalInfoTool.m */ = {isa = PBXFileReference; fileEncoding = 4; lastKnownFileType = sourcecode.c.objc; path = HLSPersonalInfoTool.m; sourceTree = "<group>"; };
		6D4CC72720649ABC00EE0686 /* HLSLable.h */ = {isa = PBXFileReference; fileEncoding = 4; lastKnownFileType = sourcecode.c.h; path = HLSLable.h; sourceTree = "<group>"; };
		6D4CC72820649ABC00EE0686 /* NSDate+XY.h */ = {isa = PBXFileReference; fileEncoding = 4; lastKnownFileType = sourcecode.c.h; path = "NSDate+XY.h"; sourceTree = "<group>"; };
		6D4CC72920649ABC00EE0686 /* NSArray+Log.h */ = {isa = PBXFileReference; fileEncoding = 4; lastKnownFileType = sourcecode.c.h; path = "NSArray+Log.h"; sourceTree = "<group>"; };
		6D4CC72A20649ABC00EE0686 /* NSDictionary+Log.m */ = {isa = PBXFileReference; fileEncoding = 4; lastKnownFileType = sourcecode.c.objc; path = "NSDictionary+Log.m"; sourceTree = "<group>"; };
		6D4CC72C20649ABC00EE0686 /* UIView+Line.m */ = {isa = PBXFileReference; fileEncoding = 4; lastKnownFileType = sourcecode.c.objc; path = "UIView+Line.m"; sourceTree = "<group>"; };
		6D4CC72D20649ABC00EE0686 /* UIView+Line.h */ = {isa = PBXFileReference; fileEncoding = 4; lastKnownFileType = sourcecode.c.h; path = "UIView+Line.h"; sourceTree = "<group>"; };
		6D4CC72E20649ABC00EE0686 /* NSDictionary+Log.h */ = {isa = PBXFileReference; fileEncoding = 4; lastKnownFileType = sourcecode.c.h; path = "NSDictionary+Log.h"; sourceTree = "<group>"; };
		6D4CC72F20649ABD00EE0686 /* HLSLable.m */ = {isa = PBXFileReference; fileEncoding = 4; lastKnownFileType = sourcecode.c.objc; path = HLSLable.m; sourceTree = "<group>"; };
		6D4CC73020649ABD00EE0686 /* NSDictionary+HLS.h */ = {isa = PBXFileReference; fileEncoding = 4; lastKnownFileType = sourcecode.c.h; path = "NSDictionary+HLS.h"; sourceTree = "<group>"; };
		6D4CC73120649ABD00EE0686 /* UILabel+HLSDefault.h */ = {isa = PBXFileReference; fileEncoding = 4; lastKnownFileType = sourcecode.c.h; path = "UILabel+HLSDefault.h"; sourceTree = "<group>"; };
		6D4CC73220649ABD00EE0686 /* UIView+XY.h */ = {isa = PBXFileReference; fileEncoding = 4; lastKnownFileType = sourcecode.c.h; path = "UIView+XY.h"; sourceTree = "<group>"; };
		6D4CC73320649ABD00EE0686 /* NSArray+Log.m */ = {isa = PBXFileReference; fileEncoding = 4; lastKnownFileType = sourcecode.c.objc; path = "NSArray+Log.m"; sourceTree = "<group>"; };
		6D4CC73420649ABD00EE0686 /* NSDictionary+HLS.m */ = {isa = PBXFileReference; fileEncoding = 4; lastKnownFileType = sourcecode.c.objc; path = "NSDictionary+HLS.m"; sourceTree = "<group>"; };
		6D4CC73520649ABD00EE0686 /* UILabel+HLSDefault.m */ = {isa = PBXFileReference; fileEncoding = 4; lastKnownFileType = sourcecode.c.objc; path = "UILabel+HLSDefault.m"; sourceTree = "<group>"; };
		6D4CC73620649ABD00EE0686 /* NSDate+XY.m */ = {isa = PBXFileReference; fileEncoding = 4; lastKnownFileType = sourcecode.c.objc; path = "NSDate+XY.m"; sourceTree = "<group>"; };
		6D4CC73720649ABE00EE0686 /* UIView+XY.m */ = {isa = PBXFileReference; fileEncoding = 4; lastKnownFileType = sourcecode.c.objc; path = "UIView+XY.m"; sourceTree = "<group>"; };
		7C84B0A55F076CE8B93DF27F /* libPods-MiliCssApp.a */ = {isa = PBXFileReference; explicitFileType = archive.ar; includeInIndex = 0; path = "libPods-MiliCssApp.a"; sourceTree = BUILT_PRODUCTS_DIR; };
		8B4074C1C2EBCF837A77B6DA /* Pods-MiliCssApp.debug.xcconfig */ = {isa = PBXFileReference; includeInIndex = 1; lastKnownFileType = text.xcconfig; name = "Pods-MiliCssApp.debug.xcconfig"; path = "Pods/Target Support Files/Pods-MiliCssApp/Pods-MiliCssApp.debug.xcconfig"; sourceTree = "<group>"; };
		B25DE32694D2C9F196EDD9FF /* libPods-MiliCssAppUITests.a */ = {isa = PBXFileReference; explicitFileType = archive.ar; includeInIndex = 0; path = "libPods-MiliCssAppUITests.a"; sourceTree = BUILT_PRODUCTS_DIR; };
		DFE6619C0FC2F005FCFD2201 /* libPods-MiliCssAppTests.a */ = {isa = PBXFileReference; explicitFileType = archive.ar; includeInIndex = 0; path = "libPods-MiliCssAppTests.a"; sourceTree = BUILT_PRODUCTS_DIR; };
		E7767C54F43069D3D3554FFF /* Pods-MiliCssAppUITests.release.xcconfig */ = {isa = PBXFileReference; includeInIndex = 1; lastKnownFileType = text.xcconfig; name = "Pods-MiliCssAppUITests.release.xcconfig"; path = "Pods/Target Support Files/Pods-MiliCssAppUITests/Pods-MiliCssAppUITests.release.xcconfig"; sourceTree = "<group>"; };
		EABB8A0891BD05F4C033E956 /* Pods-MiliCssAppTests.debug.xcconfig */ = {isa = PBXFileReference; includeInIndex = 1; lastKnownFileType = text.xcconfig; name = "Pods-MiliCssAppTests.debug.xcconfig"; path = "Pods/Target Support Files/Pods-MiliCssAppTests/Pods-MiliCssAppTests.debug.xcconfig"; sourceTree = "<group>"; };
/* End PBXFileReference section */

/* Begin PBXFrameworksBuildPhase section */
		6219C9FA20633A6400CE242C /* Frameworks */ = {
			isa = PBXFrameworksBuildPhase;
			buildActionMask = 2147483647;
			files = (
				5C47893C8EB981ACB0C39B0D /* libPods-MiliCssApp.a in Frameworks */,
			);
			runOnlyForDeploymentPostprocessing = 0;
		};
		6219CA1220633A6400CE242C /* Frameworks */ = {
			isa = PBXFrameworksBuildPhase;
			buildActionMask = 2147483647;
			files = (
				720ABDA6BF6A06994557E2D3 /* libPods-MiliCssAppTests.a in Frameworks */,
			);
			runOnlyForDeploymentPostprocessing = 0;
		};
		6219CA1D20633A6500CE242C /* Frameworks */ = {
			isa = PBXFrameworksBuildPhase;
			buildActionMask = 2147483647;
			files = (
				021F742AC2EABABDD5CA9DAE /* libPods-MiliCssAppUITests.a in Frameworks */,
			);
			runOnlyForDeploymentPostprocessing = 0;
		};
/* End PBXFrameworksBuildPhase section */

/* Begin PBXGroup section */
		5857089041C891A3CCFC2A6D /* Pods */ = {
			isa = PBXGroup;
			children = (
				8B4074C1C2EBCF837A77B6DA /* Pods-MiliCssApp.debug.xcconfig */,
				1AC5717DBFF990EFF7CB2ED5 /* Pods-MiliCssApp.release.xcconfig */,
				EABB8A0891BD05F4C033E956 /* Pods-MiliCssAppTests.debug.xcconfig */,
				4AD0A1E176C21488A5F228EA /* Pods-MiliCssAppTests.release.xcconfig */,
				36C59D22FF48110F371C0387 /* Pods-MiliCssAppUITests.debug.xcconfig */,
				E7767C54F43069D3D3554FFF /* Pods-MiliCssAppUITests.release.xcconfig */,
			);
			name = Pods;
			sourceTree = "<group>";
		};
		6219C9F420633A6400CE242C = {
			isa = PBXGroup;
			children = (
				6219C9FF20633A6400CE242C /* MiliCssApp */,
				6219CA1820633A6500CE242C /* MiliCssAppTests */,
				6219CA2320633A6500CE242C /* MiliCssAppUITests */,
				6219C9FE20633A6400CE242C /* Products */,
				5857089041C891A3CCFC2A6D /* Pods */,
				6CBBEBFD8BEA05764FD8F7BB /* Frameworks */,
			);
			sourceTree = "<group>";
		};
		6219C9FE20633A6400CE242C /* Products */ = {
			isa = PBXGroup;
			children = (
				6219C9FD20633A6400CE242C /* MiliCssApp.app */,
				6219CA1520633A6400CE242C /* MiliCssAppTests.xctest */,
				6219CA2020633A6500CE242C /* MiliCssAppUITests.xctest */,
			);
			name = Products;
			sourceTree = "<group>";
		};
		6219C9FF20633A6400CE242C /* MiliCssApp */ = {
			isa = PBXGroup;
			children = (
				6235B5B2206383CB00DEA932 /* Home */,
				6235B5B7206383CB00DEA932 /* Product */,
				6235B5AD206383CB00DEA932 /* Find */,
				6235B5A8206383CB00DEA932 /* Mycenter */,
				6235B5BC206383CB00DEA932 /* Tabbar */,
				6219CA3220633BD100CE242C /* Public */,
				6219CA0020633A6400CE242C /* AppDelegate.h */,
				6219CA0120633A6400CE242C /* AppDelegate.m */,
				6219CA0320633A6400CE242C /* ViewController.h */,
				6219CA0420633A6400CE242C /* ViewController.m */,
				6219CA0620633A6400CE242C /* Main.storyboard */,
				6219CA0920633A6400CE242C /* Assets.xcassets */,
				6219CA0B20633A6400CE242C /* LaunchScreen.storyboard */,
				6219CA0E20633A6400CE242C /* Info.plist */,
				6219CA0F20633A6400CE242C /* main.m */,
				6219CA3C20634AED00CE242C /* Mili.pch */,
			);
			path = MiliCssApp;
			sourceTree = "<group>";
		};
		6219CA1820633A6500CE242C /* MiliCssAppTests */ = {
			isa = PBXGroup;
			children = (
				6219CA1920633A6500CE242C /* MiliCssAppTests.m */,
				6219CA1B20633A6500CE242C /* Info.plist */,
			);
			path = MiliCssAppTests;
			sourceTree = "<group>";
		};
		6219CA2320633A6500CE242C /* MiliCssAppUITests */ = {
			isa = PBXGroup;
			children = (
				6219CA2420633A6500CE242C /* MiliCssAppUITests.m */,
				6219CA2620633A6500CE242C /* Info.plist */,
			);
			path = MiliCssAppUITests;
			sourceTree = "<group>";
		};
		6219CA3220633BD100CE242C /* Public */ = {
			isa = PBXGroup;
			children = (
				6D4CC72620649AB200EE0686 /* category */,
				6219CA392063497700CE242C /* Define */,
				6219CA3320633BD100CE242C /* controller */,
				6219CA3420633BD100CE242C /* tool */,
				6219CA3520633BD100CE242C /* view */,
			);
			path = Public;
			sourceTree = "<group>";
		};
		6219CA3320633BD100CE242C /* controller */ = {
			isa = PBXGroup;
			children = (
				6D4CC715206495F800EE0686 /* PublicTableViewController.h */,
				6D4CC714206495F800EE0686 /* PublicTableViewController.m */,
				6235B5C52063846D00DEA932 /* PublicViewController.h */,
				6235B5C42063846D00DEA932 /* PublicViewController.m */,
			);
			path = controller;
			sourceTree = "<group>";
		};
		6219CA3420633BD100CE242C /* tool */ = {
			isa = PBXGroup;
			children = (
				6D4CC7232064981100EE0686 /* HLSPersonalInfoTool.h */,
				6D4CC7242064981100EE0686 /* HLSPersonalInfoTool.m */,
				6219CA402063583600CE242C /* UIView+XY.h */,
				6219CA412063583600CE242C /* UIView+XY.m */,
			);
			path = tool;
			sourceTree = "<group>";
		};
		6219CA3520633BD100CE242C /* view */ = {
			isa = PBXGroup;
			children = (
				6219CA3E2063548500CE242C /* CustomNavigation.h */,
				6219CA3D2063548400CE242C /* CustomNavigation.m */,
			);
			path = view;
			sourceTree = "<group>";
		};
		6219CA392063497700CE242C /* Define */ = {
			isa = PBXGroup;
			children = (
				6219CA3A2063498F00CE242C /* MiliDefine.h */,
				6219CA3B206349AD00CE242C /* MiliConfig.h */,
			);
			path = Define;
			sourceTree = "<group>";
		};
		6235B5A8206383CB00DEA932 /* Mycenter */ = {
			isa = PBXGroup;
			children = (
				6235B5A9206383CB00DEA932 /* controller */,
				6235B5AA206383CB00DEA932 /* model */,
				6235B5AB206383CB00DEA932 /* request */,
				6235B5AC206383CB00DEA932 /* view */,
			);
			path = Mycenter;
			sourceTree = "<group>";
		};
		6235B5A9206383CB00DEA932 /* controller */ = {
			isa = PBXGroup;
			children = (
				6D4CC720206496B800EE0686 /* MycenterViewController.h */,
				6D4CC721206496B800EE0686 /* MycenterViewController.m */,
			);
			path = controller;
			sourceTree = "<group>";
		};
		6235B5AA206383CB00DEA932 /* model */ = {
			isa = PBXGroup;
			children = (
			);
			path = model;
			sourceTree = "<group>";
		};
		6235B5AB206383CB00DEA932 /* request */ = {
			isa = PBXGroup;
			children = (
			);
			path = request;
			sourceTree = "<group>";
		};
		6235B5AC206383CB00DEA932 /* view */ = {
			isa = PBXGroup;
			children = (
			);
			path = view;
			sourceTree = "<group>";
		};
		6235B5AD206383CB00DEA932 /* Find */ = {
			isa = PBXGroup;
			children = (
				6235B5AE206383CB00DEA932 /* controller */,
				6235B5AF206383CB00DEA932 /* model */,
				6235B5B0206383CB00DEA932 /* request */,
				6235B5B1206383CB00DEA932 /* view */,
			);
			path = Find;
			sourceTree = "<group>";
		};
		6235B5AE206383CB00DEA932 /* controller */ = {
			isa = PBXGroup;
			children = (
				6D4CC71D206496A200EE0686 /* FindViewController.h */,
				6D4CC71E206496A200EE0686 /* FindViewController.m */,
			);
			path = controller;
			sourceTree = "<group>";
		};
		6235B5AF206383CB00DEA932 /* model */ = {
			isa = PBXGroup;
			children = (
			);
			path = model;
			sourceTree = "<group>";
		};
		6235B5B0206383CB00DEA932 /* request */ = {
			isa = PBXGroup;
			children = (
			);
			path = request;
			sourceTree = "<group>";
		};
		6235B5B1206383CB00DEA932 /* view */ = {
			isa = PBXGroup;
			children = (
			);
			path = view;
			sourceTree = "<group>";
		};
		6235B5B2206383CB00DEA932 /* Home */ = {
			isa = PBXGroup;
			children = (
				6235B5B3206383CB00DEA932 /* controller */,
				6235B5B4206383CB00DEA932 /* model */,
				6235B5B5206383CB00DEA932 /* request */,
				6235B5B6206383CB00DEA932 /* view */,
			);
			path = Home;
			sourceTree = "<group>";
		};
		6235B5B3206383CB00DEA932 /* controller */ = {
			isa = PBXGroup;
			children = (
				6D4CC7172064965800EE0686 /* HomeViewController.h */,
				6D4CC7182064965800EE0686 /* HomeViewController.m */,
			);
			path = controller;
			sourceTree = "<group>";
		};
		6235B5B4206383CB00DEA932 /* model */ = {
			isa = PBXGroup;
			children = (
			);
			path = model;
			sourceTree = "<group>";
		};
		6235B5B5206383CB00DEA932 /* request */ = {
			isa = PBXGroup;
			children = (
			);
			path = request;
			sourceTree = "<group>";
		};
		6235B5B6206383CB00DEA932 /* view */ = {
			isa = PBXGroup;
			children = (
			);
			path = view;
			sourceTree = "<group>";
		};
		6235B5B7206383CB00DEA932 /* Product */ = {
			isa = PBXGroup;
			children = (
				6235B5B8206383CB00DEA932 /* controller */,
				6235B5B9206383CB00DEA932 /* model */,
				6235B5BA206383CB00DEA932 /* request */,
				6235B5BB206383CB00DEA932 /* view */,
			);
			path = Product;
			sourceTree = "<group>";
		};
		6235B5B8206383CB00DEA932 /* controller */ = {
			isa = PBXGroup;
			children = (
				6D4CC71A2064969000EE0686 /* ProductViewController.h */,
				6D4CC71B2064969000EE0686 /* ProductViewController.m */,
			);
			path = controller;
			sourceTree = "<group>";
		};
		6235B5B9206383CB00DEA932 /* model */ = {
			isa = PBXGroup;
			children = (
			);
			path = model;
			sourceTree = "<group>";
		};
		6235B5BA206383CB00DEA932 /* request */ = {
			isa = PBXGroup;
			children = (
			);
			path = request;
			sourceTree = "<group>";
		};
		6235B5BB206383CB00DEA932 /* view */ = {
			isa = PBXGroup;
			children = (
			);
			path = view;
			sourceTree = "<group>";
		};
		6235B5BC206383CB00DEA932 /* Tabbar */ = {
			isa = PBXGroup;
			children = (
				6235B5BD206383CB00DEA932 /* controller */,
				6235B5BE206383CB00DEA932 /* model */,
				6235B5BF206383CB00DEA932 /* request */,
				6235B5C0206383CB00DEA932 /* view */,
			);
			path = Tabbar;
			sourceTree = "<group>";
		};
		6235B5BD206383CB00DEA932 /* controller */ = {
			isa = PBXGroup;
			children = (
				6235B5C1206383F000DEA932 /* MiliTabbarViewController.h */,
				6235B5C2206383F000DEA932 /* MiliTabbarViewController.m */,
			);
			path = controller;
			sourceTree = "<group>";
		};
		6235B5BE206383CB00DEA932 /* model */ = {
			isa = PBXGroup;
			children = (
			);
			path = model;
			sourceTree = "<group>";
		};
		6235B5BF206383CB00DEA932 /* request */ = {
			isa = PBXGroup;
			children = (
			);
			path = request;
			sourceTree = "<group>";
		};
		6235B5C0206383CB00DEA932 /* view */ = {
			isa = PBXGroup;
			children = (
			);
			path = view;
			sourceTree = "<group>";
		};
		6CBBEBFD8BEA05764FD8F7BB /* Frameworks */ = {
			isa = PBXGroup;
			children = (
				7C84B0A55F076CE8B93DF27F /* libPods-MiliCssApp.a */,
				DFE6619C0FC2F005FCFD2201 /* libPods-MiliCssAppTests.a */,
				B25DE32694D2C9F196EDD9FF /* libPods-MiliCssAppUITests.a */,
			);
			name = Frameworks;
			sourceTree = "<group>";
		};
		6D4CC72620649AB200EE0686 /* category */ = {
			isa = PBXGroup;
			children = (
				6D4CC72720649ABC00EE0686 /* HLSLable.h */,
				6D4CC72F20649ABD00EE0686 /* HLSLable.m */,
				6D4CC72920649ABC00EE0686 /* NSArray+Log.h */,
				6D4CC73320649ABD00EE0686 /* NSArray+Log.m */,
				6D4CC72820649ABC00EE0686 /* NSDate+XY.h */,
				6D4CC73620649ABD00EE0686 /* NSDate+XY.m */,
				6D4CC73020649ABD00EE0686 /* NSDictionary+HLS.h */,
				6D4CC73420649ABD00EE0686 /* NSDictionary+HLS.m */,
				6D4CC72E20649ABC00EE0686 /* NSDictionary+Log.h */,
				6D4CC72A20649ABC00EE0686 /* NSDictionary+Log.m */,
				6D4CC73120649ABD00EE0686 /* UILabel+HLSDefault.h */,
				6D4CC73520649ABD00EE0686 /* UILabel+HLSDefault.m */,
				6D4CC72D20649ABC00EE0686 /* UIView+Line.h */,
				6D4CC72C20649ABC00EE0686 /* UIView+Line.m */,
				6D4CC73220649ABD00EE0686 /* UIView+XY.h */,
				6D4CC73720649ABE00EE0686 /* UIView+XY.m */,
			);
			path = category;
			sourceTree = "<group>";
		};
/* End PBXGroup section */

/* Begin PBXNativeTarget section */
		6219C9FC20633A6400CE242C /* MiliCssApp */ = {
			isa = PBXNativeTarget;
			buildConfigurationList = 6219CA2920633A6500CE242C /* Build configuration list for PBXNativeTarget "MiliCssApp" */;
			buildPhases = (
				E7B9ADDBED99B3D9FCFFD440 /* [CP] Check Pods Manifest.lock */,
				6219C9F920633A6400CE242C /* Sources */,
				6219C9FA20633A6400CE242C /* Frameworks */,
				6219C9FB20633A6400CE242C /* Resources */,
				C1FEA2BC0F013B2A8C8A418D /* [CP] Embed Pods Frameworks */,
				967A6B086BF8646C611FAF2D /* [CP] Copy Pods Resources */,
			);
			buildRules = (
			);
			dependencies = (
			);
			name = MiliCssApp;
			productName = MiliCssApp;
			productReference = 6219C9FD20633A6400CE242C /* MiliCssApp.app */;
			productType = "com.apple.product-type.application";
		};
		6219CA1420633A6400CE242C /* MiliCssAppTests */ = {
			isa = PBXNativeTarget;
			buildConfigurationList = 6219CA2C20633A6500CE242C /* Build configuration list for PBXNativeTarget "MiliCssAppTests" */;
			buildPhases = (
				A203FB9FA653BD6A348F3EA5 /* [CP] Check Pods Manifest.lock */,
				6219CA1120633A6400CE242C /* Sources */,
				6219CA1220633A6400CE242C /* Frameworks */,
				6219CA1320633A6400CE242C /* Resources */,
				DC1F261BDCB374A149FC9EBD /* [CP] Embed Pods Frameworks */,
				84A27F07476F5BAC80089334 /* [CP] Copy Pods Resources */,
			);
			buildRules = (
			);
			dependencies = (
				6219CA1720633A6500CE242C /* PBXTargetDependency */,
			);
			name = MiliCssAppTests;
			productName = MiliCssAppTests;
			productReference = 6219CA1520633A6400CE242C /* MiliCssAppTests.xctest */;
			productType = "com.apple.product-type.bundle.unit-test";
		};
		6219CA1F20633A6500CE242C /* MiliCssAppUITests */ = {
			isa = PBXNativeTarget;
			buildConfigurationList = 6219CA2F20633A6500CE242C /* Build configuration list for PBXNativeTarget "MiliCssAppUITests" */;
			buildPhases = (
				B61EA70D0A79F8DCC25ECD32 /* [CP] Check Pods Manifest.lock */,
				6219CA1C20633A6500CE242C /* Sources */,
				6219CA1D20633A6500CE242C /* Frameworks */,
				6219CA1E20633A6500CE242C /* Resources */,
				DE107B7C24B69FAD11268AB5 /* [CP] Embed Pods Frameworks */,
				721616205E8EF81F49F6259D /* [CP] Copy Pods Resources */,
			);
			buildRules = (
			);
			dependencies = (
				6219CA2220633A6500CE242C /* PBXTargetDependency */,
			);
			name = MiliCssAppUITests;
			productName = MiliCssAppUITests;
			productReference = 6219CA2020633A6500CE242C /* MiliCssAppUITests.xctest */;
			productType = "com.apple.product-type.bundle.ui-testing";
		};
/* End PBXNativeTarget section */

/* Begin PBXProject section */
		6219C9F520633A6400CE242C /* Project object */ = {
			isa = PBXProject;
			attributes = {
				LastUpgradeCheck = 0920;
				ORGANIZATIONNAME = zhu;
				TargetAttributes = {
					6219C9FC20633A6400CE242C = {
						CreatedOnToolsVersion = 9.2;
						ProvisioningStyle = Automatic;
					};
					6219CA1420633A6400CE242C = {
						CreatedOnToolsVersion = 9.2;
						ProvisioningStyle = Automatic;
						TestTargetID = 6219C9FC20633A6400CE242C;
					};
					6219CA1F20633A6500CE242C = {
						CreatedOnToolsVersion = 9.2;
						ProvisioningStyle = Automatic;
						TestTargetID = 6219C9FC20633A6400CE242C;
					};
				};
			};
			buildConfigurationList = 6219C9F820633A6400CE242C /* Build configuration list for PBXProject "MiliCssApp" */;
			compatibilityVersion = "Xcode 8.0";
			developmentRegion = en;
			hasScannedForEncodings = 0;
			knownRegions = (
				en,
				Base,
			);
			mainGroup = 6219C9F420633A6400CE242C;
			productRefGroup = 6219C9FE20633A6400CE242C /* Products */;
			projectDirPath = "";
			projectRoot = "";
			targets = (
				6219C9FC20633A6400CE242C /* MiliCssApp */,
				6219CA1420633A6400CE242C /* MiliCssAppTests */,
				6219CA1F20633A6500CE242C /* MiliCssAppUITests */,
			);
		};
/* End PBXProject section */

/* Begin PBXResourcesBuildPhase section */
		6219C9FB20633A6400CE242C /* Resources */ = {
			isa = PBXResourcesBuildPhase;
			buildActionMask = 2147483647;
			files = (
				6219CA0D20633A6400CE242C /* LaunchScreen.storyboard in Resources */,
				6219CA0A20633A6400CE242C /* Assets.xcassets in Resources */,
				6219CA0820633A6400CE242C /* Main.storyboard in Resources */,
			);
			runOnlyForDeploymentPostprocessing = 0;
		};
		6219CA1320633A6400CE242C /* Resources */ = {
			isa = PBXResourcesBuildPhase;
			buildActionMask = 2147483647;
			files = (
			);
			runOnlyForDeploymentPostprocessing = 0;
		};
		6219CA1E20633A6500CE242C /* Resources */ = {
			isa = PBXResourcesBuildPhase;
			buildActionMask = 2147483647;
			files = (
			);
			runOnlyForDeploymentPostprocessing = 0;
		};
/* End PBXResourcesBuildPhase section */

/* Begin PBXShellScriptBuildPhase section */
		721616205E8EF81F49F6259D /* [CP] Copy Pods Resources */ = {
			isa = PBXShellScriptBuildPhase;
			buildActionMask = 2147483647;
			files = (
			);
			inputPaths = (
			);
			name = "[CP] Copy Pods Resources";
			outputPaths = (
			);
			runOnlyForDeploymentPostprocessing = 0;
			shellPath = /bin/sh;
			shellScript = "\"${SRCROOT}/Pods/Target Support Files/Pods-MiliCssAppUITests/Pods-MiliCssAppUITests-resources.sh\"\n";
			showEnvVarsInLog = 0;
		};
		84A27F07476F5BAC80089334 /* [CP] Copy Pods Resources */ = {
			isa = PBXShellScriptBuildPhase;
			buildActionMask = 2147483647;
			files = (
			);
			inputPaths = (
			);
			name = "[CP] Copy Pods Resources";
			outputPaths = (
			);
			runOnlyForDeploymentPostprocessing = 0;
			shellPath = /bin/sh;
			shellScript = "\"${SRCROOT}/Pods/Target Support Files/Pods-MiliCssAppTests/Pods-MiliCssAppTests-resources.sh\"\n";
			showEnvVarsInLog = 0;
		};
		967A6B086BF8646C611FAF2D /* [CP] Copy Pods Resources */ = {
			isa = PBXShellScriptBuildPhase;
			buildActionMask = 2147483647;
			files = (
			);
			inputPaths = (
				"${SRCROOT}/Pods/Target Support Files/Pods-MiliCssApp/Pods-MiliCssApp-resources.sh",
				"${PODS_ROOT}/IQKeyboardManager/IQKeyboardManager/Resources/IQKeyboardManager.bundle",
				"${PODS_ROOT}/MJRefresh/MJRefresh/MJRefresh.bundle",
			);
			name = "[CP] Copy Pods Resources";
			outputPaths = (
				"${TARGET_BUILD_DIR}/${UNLOCALIZED_RESOURCES_FOLDER_PATH}/IQKeyboardManager.bundle",
				"${TARGET_BUILD_DIR}/${UNLOCALIZED_RESOURCES_FOLDER_PATH}/MJRefresh.bundle",
			);
			runOnlyForDeploymentPostprocessing = 0;
			shellPath = /bin/sh;
			shellScript = "\"${SRCROOT}/Pods/Target Support Files/Pods-MiliCssApp/Pods-MiliCssApp-resources.sh\"\n";
			showEnvVarsInLog = 0;
		};
		A203FB9FA653BD6A348F3EA5 /* [CP] Check Pods Manifest.lock */ = {
			isa = PBXShellScriptBuildPhase;
			buildActionMask = 2147483647;
			files = (
			);
			inputPaths = (
				"${PODS_PODFILE_DIR_PATH}/Podfile.lock",
				"${PODS_ROOT}/Manifest.lock",
			);
			name = "[CP] Check Pods Manifest.lock";
			outputPaths = (
				"$(DERIVED_FILE_DIR)/Pods-MiliCssAppTests-checkManifestLockResult.txt",
			);
			runOnlyForDeploymentPostprocessing = 0;
			shellPath = /bin/sh;
			shellScript = "diff \"${PODS_PODFILE_DIR_PATH}/Podfile.lock\" \"${PODS_ROOT}/Manifest.lock\" > /dev/null\nif [ $? != 0 ] ; then\n    # print error to STDERR\n    echo \"error: The sandbox is not in sync with the Podfile.lock. Run 'pod install' or update your CocoaPods installation.\" >&2\n    exit 1\nfi\n# This output is used by Xcode 'outputs' to avoid re-running this script phase.\necho \"SUCCESS\" > \"${SCRIPT_OUTPUT_FILE_0}\"\n";
			showEnvVarsInLog = 0;
		};
		B61EA70D0A79F8DCC25ECD32 /* [CP] Check Pods Manifest.lock */ = {
			isa = PBXShellScriptBuildPhase;
			buildActionMask = 2147483647;
			files = (
			);
			inputPaths = (
				"${PODS_PODFILE_DIR_PATH}/Podfile.lock",
				"${PODS_ROOT}/Manifest.lock",
			);
			name = "[CP] Check Pods Manifest.lock";
			outputPaths = (
				"$(DERIVED_FILE_DIR)/Pods-MiliCssAppUITests-checkManifestLockResult.txt",
			);
			runOnlyForDeploymentPostprocessing = 0;
			shellPath = /bin/sh;
			shellScript = "diff \"${PODS_PODFILE_DIR_PATH}/Podfile.lock\" \"${PODS_ROOT}/Manifest.lock\" > /dev/null\nif [ $? != 0 ] ; then\n    # print error to STDERR\n    echo \"error: The sandbox is not in sync with the Podfile.lock. Run 'pod install' or update your CocoaPods installation.\" >&2\n    exit 1\nfi\n# This output is used by Xcode 'outputs' to avoid re-running this script phase.\necho \"SUCCESS\" > \"${SCRIPT_OUTPUT_FILE_0}\"\n";
			showEnvVarsInLog = 0;
		};
		C1FEA2BC0F013B2A8C8A418D /* [CP] Embed Pods Frameworks */ = {
			isa = PBXShellScriptBuildPhase;
			buildActionMask = 2147483647;
			files = (
			);
			inputPaths = (
			);
			name = "[CP] Embed Pods Frameworks";
			outputPaths = (
			);
			runOnlyForDeploymentPostprocessing = 0;
			shellPath = /bin/sh;
			shellScript = "\"${SRCROOT}/Pods/Target Support Files/Pods-MiliCssApp/Pods-MiliCssApp-frameworks.sh\"\n";
			showEnvVarsInLog = 0;
		};
		DC1F261BDCB374A149FC9EBD /* [CP] Embed Pods Frameworks */ = {
			isa = PBXShellScriptBuildPhase;
			buildActionMask = 2147483647;
			files = (
			);
			inputPaths = (
			);
			name = "[CP] Embed Pods Frameworks";
			outputPaths = (
			);
			runOnlyForDeploymentPostprocessing = 0;
			shellPath = /bin/sh;
			shellScript = "\"${SRCROOT}/Pods/Target Support Files/Pods-MiliCssAppTests/Pods-MiliCssAppTests-frameworks.sh\"\n";
			showEnvVarsInLog = 0;
		};
		DE107B7C24B69FAD11268AB5 /* [CP] Embed Pods Frameworks */ = {
			isa = PBXShellScriptBuildPhase;
			buildActionMask = 2147483647;
			files = (
			);
			inputPaths = (
			);
			name = "[CP] Embed Pods Frameworks";
			outputPaths = (
			);
			runOnlyForDeploymentPostprocessing = 0;
			shellPath = /bin/sh;
			shellScript = "\"${SRCROOT}/Pods/Target Support Files/Pods-MiliCssAppUITests/Pods-MiliCssAppUITests-frameworks.sh\"\n";
			showEnvVarsInLog = 0;
		};
		E7B9ADDBED99B3D9FCFFD440 /* [CP] Check Pods Manifest.lock */ = {
			isa = PBXShellScriptBuildPhase;
			buildActionMask = 2147483647;
			files = (
			);
			inputPaths = (
				"${PODS_PODFILE_DIR_PATH}/Podfile.lock",
				"${PODS_ROOT}/Manifest.lock",
			);
			name = "[CP] Check Pods Manifest.lock";
			outputPaths = (
				"$(DERIVED_FILE_DIR)/Pods-MiliCssApp-checkManifestLockResult.txt",
			);
			runOnlyForDeploymentPostprocessing = 0;
			shellPath = /bin/sh;
			shellScript = "diff \"${PODS_PODFILE_DIR_PATH}/Podfile.lock\" \"${PODS_ROOT}/Manifest.lock\" > /dev/null\nif [ $? != 0 ] ; then\n    # print error to STDERR\n    echo \"error: The sandbox is not in sync with the Podfile.lock. Run 'pod install' or update your CocoaPods installation.\" >&2\n    exit 1\nfi\n# This output is used by Xcode 'outputs' to avoid re-running this script phase.\necho \"SUCCESS\" > \"${SCRIPT_OUTPUT_FILE_0}\"\n";
			showEnvVarsInLog = 0;
		};
/* End PBXShellScriptBuildPhase section */

/* Begin PBXSourcesBuildPhase section */
		6219C9F920633A6400CE242C /* Sources */ = {
			isa = PBXSourcesBuildPhase;
			buildActionMask = 2147483647;
			files = (
				6219CA3F2063548500CE242C /* CustomNavigation.m in Sources */,
				6D4CC722206496B800EE0686 /* MycenterViewController.m in Sources */,
				6D4CC73C20649ABE00EE0686 /* HLSLable.m in Sources */,
				6D4CC73E20649ABE00EE0686 /* NSDictionary+HLS.m in Sources */,
				6219CA0520633A6400CE242C /* ViewController.m in Sources */,
				6D4CC73920649ABE00EE0686 /* NSDictionary+Log.m in Sources */,
				6D4CC73B20649ABE00EE0686 /* UIView+Line.m in Sources */,
				6D4CC74020649ABE00EE0686 /* NSDate+XY.m in Sources */,
				6D4CC7252064981100EE0686 /* HLSPersonalInfoTool.m in Sources */,
				6D4CC71C2064969000EE0686 /* ProductViewController.m in Sources */,
				6D4CC71F206496A200EE0686 /* FindViewController.m in Sources */,
				6D4CC73D20649ABE00EE0686 /* NSArray+Log.m in Sources */,
				6219CA422063583600CE242C /* UIView+XY.m in Sources */,
				6D4CC73F20649ABE00EE0686 /* UILabel+HLSDefault.m in Sources */,
				6235B5C62063846D00DEA932 /* PublicViewController.m in Sources */,
				6D4CC716206495F800EE0686 /* PublicTableViewController.m in Sources */,
				6D4CC74120649ABE00EE0686 /* UIView+XY.m in Sources */,
				6D4CC7192064965800EE0686 /* HomeViewController.m in Sources */,
				6235B5C3206383F000DEA932 /* MiliTabbarViewController.m in Sources */,
				6219CA1020633A6400CE242C /* main.m in Sources */,
				6219CA0220633A6400CE242C /* AppDelegate.m in Sources */,
			);
			runOnlyForDeploymentPostprocessing = 0;
		};
		6219CA1120633A6400CE242C /* Sources */ = {
			isa = PBXSourcesBuildPhase;
			buildActionMask = 2147483647;
			files = (
				6219CA1A20633A6500CE242C /* MiliCssAppTests.m in Sources */,
			);
			runOnlyForDeploymentPostprocessing = 0;
		};
		6219CA1C20633A6500CE242C /* Sources */ = {
			isa = PBXSourcesBuildPhase;
			buildActionMask = 2147483647;
			files = (
				6219CA2520633A6500CE242C /* MiliCssAppUITests.m in Sources */,
			);
			runOnlyForDeploymentPostprocessing = 0;
		};
/* End PBXSourcesBuildPhase section */

/* Begin PBXTargetDependency section */
		6219CA1720633A6500CE242C /* PBXTargetDependency */ = {
			isa = PBXTargetDependency;
			target = 6219C9FC20633A6400CE242C /* MiliCssApp */;
			targetProxy = 6219CA1620633A6500CE242C /* PBXContainerItemProxy */;
		};
		6219CA2220633A6500CE242C /* PBXTargetDependency */ = {
			isa = PBXTargetDependency;
			target = 6219C9FC20633A6400CE242C /* MiliCssApp */;
			targetProxy = 6219CA2120633A6500CE242C /* PBXContainerItemProxy */;
		};
/* End PBXTargetDependency section */

/* Begin PBXVariantGroup section */
		6219CA0620633A6400CE242C /* Main.storyboard */ = {
			isa = PBXVariantGroup;
			children = (
				6219CA0720633A6400CE242C /* Base */,
			);
			name = Main.storyboard;
			sourceTree = "<group>";
		};
		6219CA0B20633A6400CE242C /* LaunchScreen.storyboard */ = {
			isa = PBXVariantGroup;
			children = (
				6219CA0C20633A6400CE242C /* Base */,
			);
			name = LaunchScreen.storyboard;
			sourceTree = "<group>";
		};
/* End PBXVariantGroup section */

/* Begin XCBuildConfiguration section */
		6219CA2720633A6500CE242C /* Debug */ = {
			isa = XCBuildConfiguration;
			buildSettings = {
				ALWAYS_SEARCH_USER_PATHS = NO;
				CLANG_ANALYZER_NONNULL = YES;
				CLANG_ANALYZER_NUMBER_OBJECT_CONVERSION = YES_AGGRESSIVE;
				CLANG_CXX_LANGUAGE_STANDARD = "gnu++14";
				CLANG_CXX_LIBRARY = "libc++";
				CLANG_ENABLE_MODULES = YES;
				CLANG_ENABLE_OBJC_ARC = YES;
				CLANG_WARN_BLOCK_CAPTURE_AUTORELEASING = YES;
				CLANG_WARN_BOOL_CONVERSION = YES;
				CLANG_WARN_COMMA = YES;
				CLANG_WARN_CONSTANT_CONVERSION = YES;
				CLANG_WARN_DIRECT_OBJC_ISA_USAGE = YES_ERROR;
				CLANG_WARN_DOCUMENTATION_COMMENTS = YES;
				CLANG_WARN_EMPTY_BODY = YES;
				CLANG_WARN_ENUM_CONVERSION = YES;
				CLANG_WARN_INFINITE_RECURSION = YES;
				CLANG_WARN_INT_CONVERSION = YES;
				CLANG_WARN_NON_LITERAL_NULL_CONVERSION = YES;
				CLANG_WARN_OBJC_LITERAL_CONVERSION = YES;
				CLANG_WARN_OBJC_ROOT_CLASS = YES_ERROR;
				CLANG_WARN_RANGE_LOOP_ANALYSIS = YES;
				CLANG_WARN_STRICT_PROTOTYPES = YES;
				CLANG_WARN_SUSPICIOUS_MOVE = YES;
				CLANG_WARN_UNGUARDED_AVAILABILITY = YES_AGGRESSIVE;
				CLANG_WARN_UNREACHABLE_CODE = YES;
				CLANG_WARN__DUPLICATE_METHOD_MATCH = YES;
				CODE_SIGN_IDENTITY = "iPhone Developer";
				COPY_PHASE_STRIP = NO;
				DEBUG_INFORMATION_FORMAT = dwarf;
				ENABLE_STRICT_OBJC_MSGSEND = YES;
				ENABLE_TESTABILITY = YES;
				GCC_C_LANGUAGE_STANDARD = gnu11;
				GCC_DYNAMIC_NO_PIC = NO;
				GCC_NO_COMMON_BLOCKS = YES;
				GCC_OPTIMIZATION_LEVEL = 0;
				GCC_PREPROCESSOR_DEFINITIONS = (
					"DEBUG=1",
					"$(inherited)",
				);
				GCC_WARN_64_TO_32_BIT_CONVERSION = YES;
				GCC_WARN_ABOUT_RETURN_TYPE = YES_ERROR;
				GCC_WARN_UNDECLARED_SELECTOR = YES;
				GCC_WARN_UNINITIALIZED_AUTOS = YES_AGGRESSIVE;
				GCC_WARN_UNUSED_FUNCTION = YES;
				GCC_WARN_UNUSED_VARIABLE = YES;
				IPHONEOS_DEPLOYMENT_TARGET = 11.2;
				MTL_ENABLE_DEBUG_INFO = YES;
				ONLY_ACTIVE_ARCH = YES;
				SDKROOT = iphoneos;
			};
			name = Debug;
		};
		6219CA2820633A6500CE242C /* Release */ = {
			isa = XCBuildConfiguration;
			buildSettings = {
				ALWAYS_SEARCH_USER_PATHS = NO;
				CLANG_ANALYZER_NONNULL = YES;
				CLANG_ANALYZER_NUMBER_OBJECT_CONVERSION = YES_AGGRESSIVE;
				CLANG_CXX_LANGUAGE_STANDARD = "gnu++14";
				CLANG_CXX_LIBRARY = "libc++";
				CLANG_ENABLE_MODULES = YES;
				CLANG_ENABLE_OBJC_ARC = YES;
				CLANG_WARN_BLOCK_CAPTURE_AUTORELEASING = YES;
				CLANG_WARN_BOOL_CONVERSION = YES;
				CLANG_WARN_COMMA = YES;
				CLANG_WARN_CONSTANT_CONVERSION = YES;
				CLANG_WARN_DIRECT_OBJC_ISA_USAGE = YES_ERROR;
				CLANG_WARN_DOCUMENTATION_COMMENTS = YES;
				CLANG_WARN_EMPTY_BODY = YES;
				CLANG_WARN_ENUM_CONVERSION = YES;
				CLANG_WARN_INFINITE_RECURSION = YES;
				CLANG_WARN_INT_CONVERSION = YES;
				CLANG_WARN_NON_LITERAL_NULL_CONVERSION = YES;
				CLANG_WARN_OBJC_LITERAL_CONVERSION = YES;
				CLANG_WARN_OBJC_ROOT_CLASS = YES_ERROR;
				CLANG_WARN_RANGE_LOOP_ANALYSIS = YES;
				CLANG_WARN_STRICT_PROTOTYPES = YES;
				CLANG_WARN_SUSPICIOUS_MOVE = YES;
				CLANG_WARN_UNGUARDED_AVAILABILITY = YES_AGGRESSIVE;
				CLANG_WARN_UNREACHABLE_CODE = YES;
				CLANG_WARN__DUPLICATE_METHOD_MATCH = YES;
				CODE_SIGN_IDENTITY = "iPhone Developer";
				COPY_PHASE_STRIP = NO;
				DEBUG_INFORMATION_FORMAT = "dwarf-with-dsym";
				ENABLE_NS_ASSERTIONS = NO;
				ENABLE_STRICT_OBJC_MSGSEND = YES;
				GCC_C_LANGUAGE_STANDARD = gnu11;
				GCC_NO_COMMON_BLOCKS = YES;
				GCC_WARN_64_TO_32_BIT_CONVERSION = YES;
				GCC_WARN_ABOUT_RETURN_TYPE = YES_ERROR;
				GCC_WARN_UNDECLARED_SELECTOR = YES;
				GCC_WARN_UNINITIALIZED_AUTOS = YES_AGGRESSIVE;
				GCC_WARN_UNUSED_FUNCTION = YES;
				GCC_WARN_UNUSED_VARIABLE = YES;
				IPHONEOS_DEPLOYMENT_TARGET = 11.2;
				MTL_ENABLE_DEBUG_INFO = NO;
				SDKROOT = iphoneos;
				VALIDATE_PRODUCT = YES;
			};
			name = Release;
		};
		6219CA2A20633A6500CE242C /* Debug */ = {
			isa = XCBuildConfiguration;
			baseConfigurationReference = 8B4074C1C2EBCF837A77B6DA /* Pods-MiliCssApp.debug.xcconfig */;
			buildSettings = {
				ASSETCATALOG_COMPILER_APPICON_NAME = AppIcon;
				CODE_SIGN_STYLE = Automatic;
				DEVELOPMENT_TEAM = 94N82K9RBG;
				GCC_PRECOMPILE_PREFIX_HEADER = YES;
				GCC_PREFIX_HEADER = MiliCssApp/Mili.pch;
				INFOPLIST_FILE = MiliCssApp/Info.plist;
				LD_RUNPATH_SEARCH_PATHS = "$(inherited) @executable_path/Frameworks";
				PRODUCT_BUNDLE_IDENTIFIER = com.CLML.MiliCssApp;
				PRODUCT_NAME = "$(TARGET_NAME)";
				TARGETED_DEVICE_FAMILY = "1,2";
			};
			name = Debug;
		};
		6219CA2B20633A6500CE242C /* Release */ = {
			isa = XCBuildConfiguration;
			baseConfigurationReference = 1AC5717DBFF990EFF7CB2ED5 /* Pods-MiliCssApp.release.xcconfig */;
			buildSettings = {
				ASSETCATALOG_COMPILER_APPICON_NAME = AppIcon;
				CODE_SIGN_STYLE = Automatic;
				DEVELOPMENT_TEAM = 94N82K9RBG;
				GCC_PRECOMPILE_PREFIX_HEADER = YES;
				GCC_PREFIX_HEADER = MiliCssApp/Mili.pch;
				INFOPLIST_FILE = MiliCssApp/Info.plist;
				LD_RUNPATH_SEARCH_PATHS = "$(inherited) @executable_path/Frameworks";
				PRODUCT_BUNDLE_IDENTIFIER = com.CLML.MiliCssApp;
				PRODUCT_NAME = "$(TARGET_NAME)";
				TARGETED_DEVICE_FAMILY = "1,2";
			};
			name = Release;
		};
		6219CA2D20633A6500CE242C /* Debug */ = {
			isa = XCBuildConfiguration;
			baseConfigurationReference = EABB8A0891BD05F4C033E956 /* Pods-MiliCssAppTests.debug.xcconfig */;
			buildSettings = {
				BUNDLE_LOADER = "$(TEST_HOST)";
				CODE_SIGN_STYLE = Automatic;
				DEVELOPMENT_TEAM = 94N82K9RBG;
				INFOPLIST_FILE = MiliCssAppTests/Info.plist;
				LD_RUNPATH_SEARCH_PATHS = "$(inherited) @executable_path/Frameworks @loader_path/Frameworks";
				PRODUCT_BUNDLE_IDENTIFIER = com.CLML.MiliCssAppTests;
				PRODUCT_NAME = "$(TARGET_NAME)";
				TARGETED_DEVICE_FAMILY = "1,2";
				TEST_HOST = "$(BUILT_PRODUCTS_DIR)/MiliCssApp.app/MiliCssApp";
			};
			name = Debug;
		};
		6219CA2E20633A6500CE242C /* Release */ = {
			isa = XCBuildConfiguration;
			baseConfigurationReference = 4AD0A1E176C21488A5F228EA /* Pods-MiliCssAppTests.release.xcconfig */;
			buildSettings = {
				BUNDLE_LOADER = "$(TEST_HOST)";
				CODE_SIGN_STYLE = Automatic;
				DEVELOPMENT_TEAM = 94N82K9RBG;
				INFOPLIST_FILE = MiliCssAppTests/Info.plist;
				LD_RUNPATH_SEARCH_PATHS = "$(inherited) @executable_path/Frameworks @loader_path/Frameworks";
				PRODUCT_BUNDLE_IDENTIFIER = com.CLML.MiliCssAppTests;
				PRODUCT_NAME = "$(TARGET_NAME)";
				TARGETED_DEVICE_FAMILY = "1,2";
				TEST_HOST = "$(BUILT_PRODUCTS_DIR)/MiliCssApp.app/MiliCssApp";
			};
			name = Release;
		};
		6219CA3020633A6500CE242C /* Debug */ = {
			isa = XCBuildConfiguration;
			baseConfigurationReference = 36C59D22FF48110F371C0387 /* Pods-MiliCssAppUITests.debug.xcconfig */;
			buildSettings = {
				CODE_SIGN_STYLE = Automatic;
				DEVELOPMENT_TEAM = 94N82K9RBG;
				INFOPLIST_FILE = MiliCssAppUITests/Info.plist;
				LD_RUNPATH_SEARCH_PATHS = "$(inherited) @executable_path/Frameworks @loader_path/Frameworks";
				PRODUCT_BUNDLE_IDENTIFIER = com.CLML.MiliCssAppUITests;
				PRODUCT_NAME = "$(TARGET_NAME)";
				TARGETED_DEVICE_FAMILY = "1,2";
				TEST_TARGET_NAME = MiliCssApp;
			};
			name = Debug;
		};
		6219CA3120633A6500CE242C /* Release */ = {
			isa = XCBuildConfiguration;
			baseConfigurationReference = E7767C54F43069D3D3554FFF /* Pods-MiliCssAppUITests.release.xcconfig */;
			buildSettings = {
				CODE_SIGN_STYLE = Automatic;
				DEVELOPMENT_TEAM = 94N82K9RBG;
				INFOPLIST_FILE = MiliCssAppUITests/Info.plist;
				LD_RUNPATH_SEARCH_PATHS = "$(inherited) @executable_path/Frameworks @loader_path/Frameworks";
				PRODUCT_BUNDLE_IDENTIFIER = com.CLML.MiliCssAppUITests;
				PRODUCT_NAME = "$(TARGET_NAME)";
				TARGETED_DEVICE_FAMILY = "1,2";
				TEST_TARGET_NAME = MiliCssApp;
			};
			name = Release;
		};
/* End XCBuildConfiguration section */

/* Begin XCConfigurationList section */
		6219C9F820633A6400CE242C /* Build configuration list for PBXProject "MiliCssApp" */ = {
			isa = XCConfigurationList;
			buildConfigurations = (
				6219CA2720633A6500CE242C /* Debug */,
				6219CA2820633A6500CE242C /* Release */,
			);
			defaultConfigurationIsVisible = 0;
			defaultConfigurationName = Release;
		};
		6219CA2920633A6500CE242C /* Build configuration list for PBXNativeTarget "MiliCssApp" */ = {
			isa = XCConfigurationList;
			buildConfigurations = (
				6219CA2A20633A6500CE242C /* Debug */,
				6219CA2B20633A6500CE242C /* Release */,
			);
			defaultConfigurationIsVisible = 0;
			defaultConfigurationName = Release;
		};
		6219CA2C20633A6500CE242C /* Build configuration list for PBXNativeTarget "MiliCssAppTests" */ = {
			isa = XCConfigurationList;
			buildConfigurations = (
				6219CA2D20633A6500CE242C /* Debug */,
				6219CA2E20633A6500CE242C /* Release */,
			);
			defaultConfigurationIsVisible = 0;
			defaultConfigurationName = Release;
		};
		6219CA2F20633A6500CE242C /* Build configuration list for PBXNativeTarget "MiliCssAppUITests" */ = {
			isa = XCConfigurationList;
			buildConfigurations = (
				6219CA3020633A6500CE242C /* Debug */,
				6219CA3120633A6500CE242C /* Release */,
			);
			defaultConfigurationIsVisible = 0;
			defaultConfigurationName = Release;
		};
/* End XCConfigurationList section */
	};
	rootObject = 6219C9F520633A6400CE242C /* Project object */;
}
